
Microsoft Visual Studio Solution File, Format Version 12.00
# Visual Studio Version 17
VisualStudioVersion = 17.4.33122.133
MinimumVisualStudioVersion = 10.0.40219.1
Project("{FAE04EC0-301F-11D3-BF4B-00C04F79EFBC}") = "ShopOrDropBinaryClassifier", "ShopOrDropBinaryClassifier\ShopOrDropBinaryClassifier.csproj", "{6EE1AA29-1449-4155-990C-B3583699D097}"
EndProject
Project("{9A19103F-16F7-4668-BE54-9A1E7A4F7556}") = "MLModel1_WebApi1", "MLModel1_WebApi1\MLModel1_WebApi1.csproj", "{E3E0305C-E99E-42BD-91A3-BE1EBC786309}"
EndProject
Global
	GlobalSection(SolutionConfigurationPlatforms) = preSolution
		Debug|Any CPU = Debug|Any CPU
		Release|Any CPU = Release|Any CPU
	EndGlobalSection
	GlobalSection(ProjectConfigurationPlatforms) = postSolution
		{6EE1AA29-1449-4155-990C-B3583699D097}.Debug|Any CPU.ActiveCfg = Debug|Any CPU
		{6EE1AA29-1449-4155-990C-B3583699D097}.Debug|Any CPU.Build.0 = Debug|Any CPU
		{6EE1AA29-1449-4155-990C-B3583699D097}.Release|Any CPU.ActiveCfg = Release|Any CPU
		{6EE1AA29-1449-4155-990C-B3583699D097}.Release|Any CPU.Build.0 = Release|Any CPU
		{E3E0305C-E99E-42BD-91A3-BE1EBC786309}.Debug|Any CPU.ActiveCfg = Debug|Any CPU
		{E3E0305C-E99E-42BD-91A3-BE1EBC786309}.Debug|Any CPU.Build.0 = Debug|Any CPU
		{E3E0305C-E99E-42BD-91A3-BE1EBC786309}.Release|Any CPU.ActiveCfg = Release|Any CPU
		{E3E0305C-E99E-42BD-91A3-BE1EBC786309}.Release|Any CPU.Build.0 = Release|Any CPU
	EndGlobalSection
	GlobalSection(SolutionProperties) = preSolution
		HideSolutionNode = FALSE
	EndGlobalSection
	GlobalSection(ExtensibilityGlobals) = postSolution
		SolutionGuid = {1BFB5F38-9058-4726-AE08-312EFCD36B4E}
	EndGlobalSection
EndGlobal
